
Microsoft Visual Studio Solution File, Format Version 12.00
# Visual Studio Version 17
VisualStudioVersion = 17.13.35919.96
MinimumVisualStudioVersion = 10.0.40219.1
Project("{FAE04EC0-301F-11D3-BF4B-00C04F79EFBC}") = "ApiTecnoLabs", "ApiTecnoLabs\ApiTecnoLabs.csproj", "{BB4D3A34-079E-4F7C-8852-F25893BDCC78}"
EndProject
Project("{2150E333-8FDC-42A3-9474-1A3956D46DE8}") = "Models", "Models", "{02EA681E-C7D8-13C7-8484-4AC65E1B71E8}"
EndProject
Project("{2150E333-8FDC-42A3-9474-1A3956D46DE8}") = "Infrastructure", "Infrastructure", "{B79C291F-FF23-4469-B7B9-59C8EDCAD62F}"
EndProject
Project("{2150E333-8FDC-42A3-9474-1A3956D46DE8}") = "Services", "Services", "{848D2F4C-56D2-4F88-A9F0-F3335B3ED79A}"
EndProject
Project("{FAE04EC0-301F-11D3-BF4B-00C04F79EFBC}") = "Data", "Data\Data.csproj", "{AE8E2E54-CA0B-F6F5-0102-F79722AD1421}"
EndProject
Project("{FAE04EC0-301F-11D3-BF4B-00C04F79EFBC}") = "AppModels", "AppModels\AppModels.csproj", "{DEA83AEE-559F-16F3-A2EE-F4B72225A169}"
EndProject
Project("{FAE04EC0-301F-11D3-BF4B-00C04F79EFBC}") = "Servicios", "Servicios\Servicios.csproj", "{5958A855-38D8-2012-71D5-B8F8497BFE4C}"
EndProject
Global
	GlobalSection(SolutionConfigurationPlatforms) = preSolution
		Debug|Any CPU = Debug|Any CPU
		Release|Any CPU = Release|Any CPU
	EndGlobalSection
	GlobalSection(ProjectConfigurationPlatforms) = postSolution
		{BB4D3A34-079E-4F7C-8852-F25893BDCC78}.Debug|Any CPU.ActiveCfg = Debug|Any CPU
		{BB4D3A34-079E-4F7C-8852-F25893BDCC78}.Debug|Any CPU.Build.0 = Debug|Any CPU
		{BB4D3A34-079E-4F7C-8852-F25893BDCC78}.Release|Any CPU.ActiveCfg = Release|Any CPU
		{BB4D3A34-079E-4F7C-8852-F25893BDCC78}.Release|Any CPU.Build.0 = Release|Any CPU
		{AE8E2E54-CA0B-F6F5-0102-F79722AD1421}.Debug|Any CPU.ActiveCfg = Debug|Any CPU
		{AE8E2E54-CA0B-F6F5-0102-F79722AD1421}.Debug|Any CPU.Build.0 = Debug|Any CPU
		{AE8E2E54-CA0B-F6F5-0102-F79722AD1421}.Release|Any CPU.ActiveCfg = Release|Any CPU
		{AE8E2E54-CA0B-F6F5-0102-F79722AD1421}.Release|Any CPU.Build.0 = Release|Any CPU
		{DEA83AEE-559F-16F3-A2EE-F4B72225A169}.Debug|Any CPU.ActiveCfg = Debug|Any CPU
		{DEA83AEE-559F-16F3-A2EE-F4B72225A169}.Debug|Any CPU.Build.0 = Debug|Any CPU
		{DEA83AEE-559F-16F3-A2EE-F4B72225A169}.Release|Any CPU.ActiveCfg = Release|Any CPU
		{DEA83AEE-559F-16F3-A2EE-F4B72225A169}.Release|Any CPU.Build.0 = Release|Any CPU
		{5958A855-38D8-2012-71D5-B8F8497BFE4C}.Debug|Any CPU.ActiveCfg = Debug|Any CPU
		{5958A855-38D8-2012-71D5-B8F8497BFE4C}.Debug|Any CPU.Build.0 = Debug|Any CPU
		{5958A855-38D8-2012-71D5-B8F8497BFE4C}.Release|Any CPU.ActiveCfg = Release|Any CPU
		{5958A855-38D8-2012-71D5-B8F8497BFE4C}.Release|Any CPU.Build.0 = Release|Any CPU
	EndGlobalSection
	GlobalSection(SolutionProperties) = preSolution
		HideSolutionNode = FALSE
	EndGlobalSection
	GlobalSection(NestedProjects) = preSolution
		{AE8E2E54-CA0B-F6F5-0102-F79722AD1421} = {B79C291F-FF23-4469-B7B9-59C8EDCAD62F}
		{DEA83AEE-559F-16F3-A2EE-F4B72225A169} = {02EA681E-C7D8-13C7-8484-4AC65E1B71E8}
		{5958A855-38D8-2012-71D5-B8F8497BFE4C} = {848D2F4C-56D2-4F88-A9F0-F3335B3ED79A}
	EndGlobalSection
	GlobalSection(ExtensibilityGlobals) = postSolution
		SolutionGuid = {3AB6C67F-064D-45C4-9735-1FDBCC1947C9}
	EndGlobalSection
EndGlobal
